
Microsoft Visual Studio Solution File, Format Version 11.00
# Visual Studio 2010
Project("{FAE04EC0-301F-11D3-BF4B-00C04F79EFBC}") = "goGo", "goGo\goGo.csproj", "{71CA0E66-E744-4F50-B96F-7F9F7594CA7F}"
EndProject
Project("{FAE04EC0-301F-11D3-BF4B-00C04F79EFBC}") = "goTest", "goTest\goTest.csproj", "{24345D3F-62A4-44D8-8D1C-CA18A2DA8208}"
EndProject
Project("{2150E333-8FDC-42A3-9474-1A3956D46DE8}") = "Solution Items", "Solution Items", "{84C24CF2-3B06-42BB-A77E-C3FE83B1CE0D}"
	ProjectSection(SolutionItems) = preProject
		goGo.vsmdi = goGo.vsmdi
		Local.testsettings = Local.testsettings
		TraceAndTestImpact.testsettings = TraceAndTestImpact.testsettings
	EndProjectSection
EndProject
Project("{FAE04EC0-301F-11D3-BF4B-00C04F79EFBC}") = "SGFParser", "SGFParser\SGFParser.csproj", "{376DF644-6453-4BD8-A53A-4C6EFE316A2D}"
EndProject
Project("{FAE04EC0-301F-11D3-BF4B-00C04F79EFBC}") = "SGFParserTest", "SGFParserTest\SGFParserTest.csproj", "{DBCAA190-5338-4EEC-87CB-E33E2B5FD529}"
EndProject
Project("{FAE04EC0-301F-11D3-BF4B-00C04F79EFBC}") = "GoModel", "GoModel\GoModel.csproj", "{481F5BFF-3B16-414C-953F-ED626E9372E8}"
EndProject
Global
	GlobalSection(TestCaseManagementSettings) = postSolution
		CategoryFile = goGo.vsmdi
	EndGlobalSection
	GlobalSection(SolutionConfigurationPlatforms) = preSolution
		Debug|Any CPU = Debug|Any CPU
		Debug|Mixed Platforms = Debug|Mixed Platforms
		Debug|x86 = Debug|x86
		Release|Any CPU = Release|Any CPU
		Release|Mixed Platforms = Release|Mixed Platforms
		Release|x86 = Release|x86
	EndGlobalSection
	GlobalSection(ProjectConfigurationPlatforms) = postSolution
		{71CA0E66-E744-4F50-B96F-7F9F7594CA7F}.Debug|Any CPU.ActiveCfg = Debug|x86
		{71CA0E66-E744-4F50-B96F-7F9F7594CA7F}.Debug|Mixed Platforms.ActiveCfg = Debug|x86
		{71CA0E66-E744-4F50-B96F-7F9F7594CA7F}.Debug|Mixed Platforms.Build.0 = Debug|x86
		{71CA0E66-E744-4F50-B96F-7F9F7594CA7F}.Debug|x86.ActiveCfg = Debug|x86
		{71CA0E66-E744-4F50-B96F-7F9F7594CA7F}.Debug|x86.Build.0 = Debug|x86
		{71CA0E66-E744-4F50-B96F-7F9F7594CA7F}.Release|Any CPU.ActiveCfg = Release|x86
		{71CA0E66-E744-4F50-B96F-7F9F7594CA7F}.Release|Mixed Platforms.ActiveCfg = Release|x86
		{71CA0E66-E744-4F50-B96F-7F9F7594CA7F}.Release|Mixed Platforms.Build.0 = Release|x86
		{71CA0E66-E744-4F50-B96F-7F9F7594CA7F}.Release|x86.ActiveCfg = Release|x86
		{71CA0E66-E744-4F50-B96F-7F9F7594CA7F}.Release|x86.Build.0 = Release|x86
		{24345D3F-62A4-44D8-8D1C-CA18A2DA8208}.Debug|Any CPU.ActiveCfg = Debug|Any CPU
		{24345D3F-62A4-44D8-8D1C-CA18A2DA8208}.Debug|Any CPU.Build.0 = Debug|Any CPU
		{24345D3F-62A4-44D8-8D1C-CA18A2DA8208}.Debug|Mixed Platforms.ActiveCfg = Debug|Any CPU
		{24345D3F-62A4-44D8-8D1C-CA18A2DA8208}.Debug|Mixed Platforms.Build.0 = Debug|Any CPU
		{24345D3F-62A4-44D8-8D1C-CA18A2DA8208}.Debug|x86.ActiveCfg = Debug|Any CPU
		{24345D3F-62A4-44D8-8D1C-CA18A2DA8208}.Release|Any CPU.ActiveCfg = Release|Any CPU
		{24345D3F-62A4-44D8-8D1C-CA18A2DA8208}.Release|Any CPU.Build.0 = Release|Any CPU
		{24345D3F-62A4-44D8-8D1C-CA18A2DA8208}.Release|Mixed Platforms.ActiveCfg = Release|Any CPU
		{24345D3F-62A4-44D8-8D1C-CA18A2DA8208}.Release|Mixed Platforms.Build.0 = Release|Any CPU
		{24345D3F-62A4-44D8-8D1C-CA18A2DA8208}.Release|x86.ActiveCfg = Release|Any CPU
		{376DF644-6453-4BD8-A53A-4C6EFE316A2D}.Debug|Any CPU.ActiveCfg = Debug|Any CPU
		{376DF644-6453-4BD8-A53A-4C6EFE316A2D}.Debug|Any CPU.Build.0 = Debug|Any CPU
		{376DF644-6453-4BD8-A53A-4C6EFE316A2D}.Debug|Mixed Platforms.ActiveCfg = Debug|Any CPU
		{376DF644-6453-4BD8-A53A-4C6EFE316A2D}.Debug|Mixed Platforms.Build.0 = Debug|Any CPU
		{376DF644-6453-4BD8-A53A-4C6EFE316A2D}.Debug|x86.ActiveCfg = Debug|Any CPU
		{376DF644-6453-4BD8-A53A-4C6EFE316A2D}.Release|Any CPU.ActiveCfg = Release|Any CPU
		{376DF644-6453-4BD8-A53A-4C6EFE316A2D}.Release|Any CPU.Build.0 = Release|Any CPU
		{376DF644-6453-4BD8-A53A-4C6EFE316A2D}.Release|Mixed Platforms.ActiveCfg = Release|Any CPU
		{376DF644-6453-4BD8-A53A-4C6EFE316A2D}.Release|Mixed Platforms.Build.0 = Release|Any CPU
		{376DF644-6453-4BD8-A53A-4C6EFE316A2D}.Release|x86.ActiveCfg = Release|Any CPU
		{DBCAA190-5338-4EEC-87CB-E33E2B5FD529}.Debug|Any CPU.ActiveCfg = Debug|x86
		{DBCAA190-5338-4EEC-87CB-E33E2B5FD529}.Debug|Mixed Platforms.ActiveCfg = Debug|x86
		{DBCAA190-5338-4EEC-87CB-E33E2B5FD529}.Debug|Mixed Platforms.Build.0 = Debug|x86
		{DBCAA190-5338-4EEC-87CB-E33E2B5FD529}.Debug|x86.ActiveCfg = Debug|x86
		{DBCAA190-5338-4EEC-87CB-E33E2B5FD529}.Debug|x86.Build.0 = Debug|x86
		{DBCAA190-5338-4EEC-87CB-E33E2B5FD529}.Release|Any CPU.ActiveCfg = Release|x86
		{DBCAA190-5338-4EEC-87CB-E33E2B5FD529}.Release|Mixed Platforms.ActiveCfg = Release|x86
		{DBCAA190-5338-4EEC-87CB-E33E2B5FD529}.Release|Mixed Platforms.Build.0 = Release|x86
		{DBCAA190-5338-4EEC-87CB-E33E2B5FD529}.Release|x86.ActiveCfg = Release|x86
		{DBCAA190-5338-4EEC-87CB-E33E2B5FD529}.Release|x86.Build.0 = Release|x86
		{481F5BFF-3B16-414C-953F-ED626E9372E8}.Debug|Any CPU.ActiveCfg = Debug|Any CPU
		{481F5BFF-3B16-414C-953F-ED626E9372E8}.Debug|Any CPU.Build.0 = Debug|Any CPU
		{481F5BFF-3B16-414C-953F-ED626E9372E8}.Debug|Mixed Platforms.ActiveCfg = Debug|Any CPU
		{481F5BFF-3B16-414C-953F-ED626E9372E8}.Debug|Mixed Platforms.Build.0 = Debug|Any CPU
		{481F5BFF-3B16-414C-953F-ED626E9372E8}.Debug|x86.ActiveCfg = Debug|Any CPU
		{481F5BFF-3B16-414C-953F-ED626E9372E8}.Release|Any CPU.ActiveCfg = Release|Any CPU
		{481F5BFF-3B16-414C-953F-ED626E9372E8}.Release|Any CPU.Build.0 = Release|Any CPU
		{481F5BFF-3B16-414C-953F-ED626E9372E8}.Release|Mixed Platforms.ActiveCfg = Release|Any CPU
		{481F5BFF-3B16-414C-953F-ED626E9372E8}.Release|Mixed Platforms.Build.0 = Release|Any CPU
		{481F5BFF-3B16-414C-953F-ED626E9372E8}.Release|x86.ActiveCfg = Release|Any CPU
	EndGlobalSection
	GlobalSection(SolutionProperties) = preSolution
		HideSolutionNode = FALSE
	EndGlobalSection
EndGlobal
